
Microsoft Visual Studio Solution File, Format Version 12.00
# Visual Studio 15
VisualStudioVersion = 15.0.28307.421
MinimumVisualStudioVersion = 10.0.40219.1
Project("{CC5FD16D-436D-48AD-A40C-5A424C6E3E79}") = "InterroleCommunicationFull", "InterroleCommunicationFull\InterroleCommunicationFull.ccproj", "{7B777540-2070-4437-A366-C13C69701A71}"
EndProject
Project("{FAE04EC0-301F-11D3-BF4B-00C04F79EFBC}") = "JobWorker", "JobWorker\JobWorker.csproj", "{0551EBFE-5F54-4DF6-BA81-AB664EB45934}"
EndProject
Project("{FAE04EC0-301F-11D3-BF4B-00C04F79EFBC}") = "JobInvoker", "JobInvoker\JobInvoker.csproj", "{5D0B1769-6BA8-43FE-BA6C-50555970155B}"
EndProject
Project("{FAE04EC0-301F-11D3-BF4B-00C04F79EFBC}") = "InterroleContracts", "InterroleContracts\InterroleContracts.csproj", "{FF6BE285-99E0-4347-94CD-E709FF86D57C}"
EndProject
Global
	GlobalSection(SolutionConfigurationPlatforms) = preSolution
		Debug|Any CPU = Debug|Any CPU
		Release|Any CPU = Release|Any CPU
	EndGlobalSection
	GlobalSection(ProjectConfigurationPlatforms) = postSolution
		{7B777540-2070-4437-A366-C13C69701A71}.Debug|Any CPU.ActiveCfg = Debug|Any CPU
		{7B777540-2070-4437-A366-C13C69701A71}.Debug|Any CPU.Build.0 = Debug|Any CPU
		{7B777540-2070-4437-A366-C13C69701A71}.Release|Any CPU.ActiveCfg = Release|Any CPU
		{7B777540-2070-4437-A366-C13C69701A71}.Release|Any CPU.Build.0 = Release|Any CPU
		{0551EBFE-5F54-4DF6-BA81-AB664EB45934}.Debug|Any CPU.ActiveCfg = Debug|Any CPU
		{0551EBFE-5F54-4DF6-BA81-AB664EB45934}.Debug|Any CPU.Build.0 = Debug|Any CPU
		{0551EBFE-5F54-4DF6-BA81-AB664EB45934}.Release|Any CPU.ActiveCfg = Release|Any CPU
		{0551EBFE-5F54-4DF6-BA81-AB664EB45934}.Release|Any CPU.Build.0 = Release|Any CPU
		{5D0B1769-6BA8-43FE-BA6C-50555970155B}.Debug|Any CPU.ActiveCfg = Debug|Any CPU
		{5D0B1769-6BA8-43FE-BA6C-50555970155B}.Debug|Any CPU.Build.0 = Debug|Any CPU
		{5D0B1769-6BA8-43FE-BA6C-50555970155B}.Release|Any CPU.ActiveCfg = Release|Any CPU
		{5D0B1769-6BA8-43FE-BA6C-50555970155B}.Release|Any CPU.Build.0 = Release|Any CPU
		{FF6BE285-99E0-4347-94CD-E709FF86D57C}.Debug|Any CPU.ActiveCfg = Debug|Any CPU
		{FF6BE285-99E0-4347-94CD-E709FF86D57C}.Debug|Any CPU.Build.0 = Debug|Any CPU
		{FF6BE285-99E0-4347-94CD-E709FF86D57C}.Release|Any CPU.ActiveCfg = Release|Any CPU
		{FF6BE285-99E0-4347-94CD-E709FF86D57C}.Release|Any CPU.Build.0 = Release|Any CPU
	EndGlobalSection
	GlobalSection(SolutionProperties) = preSolution
		HideSolutionNode = FALSE
	EndGlobalSection
	GlobalSection(ExtensibilityGlobals) = postSolution
		SolutionGuid = {1E181C74-88DE-4437-90AD-F6057B08145B}
	EndGlobalSection
EndGlobal
